
Microsoft Visual Studio Solution File, Format Version 12.00
# Visual Studio Version 16
VisualStudioVersion = 16.0.28922.388
MinimumVisualStudioVersion = 10.0.40219.1
Project("{9A19103F-16F7-4668-BE54-9A1E7A4F7556}") = "DiggingForFire.TTT.Api", "DiggingForFire.TodoTodoTodo.Api\DiggingForFire.TTT.Api.csproj", "{C6DF5ACA-E9D5-44EA-8168-B73C132E7704}"
EndProject
Project("{9A19103F-16F7-4668-BE54-9A1E7A4F7556}") = "DiggingForFire.TTT.Application", "DiggingForFire.TodoTodoTodo.Application\DiggingForFire.TTT.Application.csproj", "{C5BACC4C-41C9-469A-8DB1-FCEC511CD4FC}"
EndProject
Project("{9A19103F-16F7-4668-BE54-9A1E7A4F7556}") = "DiggingForFire.TTT.Application.Models", "DiggingForFire.TodoTodoTodo.Application.Models\DiggingForFire.TTT.Application.Models.csproj", "{DD2DC613-B2E7-423D-9ECB-C904C9A34817}"
EndProject
Project("{2150E333-8FDC-42A3-9474-1A3956D46DE8}") = "ci", "ci", "{D8DAE00B-5941-4472-B80C-15AF9EE1C9B8}"
	ProjectSection(SolutionItems) = preProject
		.circleci\config.yml = .circleci\config.yml
	EndProjectSection
EndProject
Project("{9A19103F-16F7-4668-BE54-9A1E7A4F7556}") = "DiggingForFire.TTT.DataAccess", "DiggingForFire.TTT.DataAccess\DiggingForFire.TTT.DataAccess.csproj", "{4B7C73DE-C68F-41EA-B9FD-FABFF4648DAA}"
EndProject
Project("{9A19103F-16F7-4668-BE54-9A1E7A4F7556}") = "DiggingForFire.TTT.Domain", "DiggingForFire.TTT.Domain\DiggingForFire.TTT.Domain.csproj", "{DD353442-EA1E-4F9B-82F3-CA371BAD17A0}"
EndProject
Global
	GlobalSection(SolutionConfigurationPlatforms) = preSolution
		Debug|Any CPU = Debug|Any CPU
		Release|Any CPU = Release|Any CPU
	EndGlobalSection
	GlobalSection(ProjectConfigurationPlatforms) = postSolution
		{C6DF5ACA-E9D5-44EA-8168-B73C132E7704}.Debug|Any CPU.ActiveCfg = Debug|Any CPU
		{C6DF5ACA-E9D5-44EA-8168-B73C132E7704}.Debug|Any CPU.Build.0 = Debug|Any CPU
		{C6DF5ACA-E9D5-44EA-8168-B73C132E7704}.Release|Any CPU.ActiveCfg = Release|Any CPU
		{C6DF5ACA-E9D5-44EA-8168-B73C132E7704}.Release|Any CPU.Build.0 = Release|Any CPU
		{C5BACC4C-41C9-469A-8DB1-FCEC511CD4FC}.Debug|Any CPU.ActiveCfg = Debug|Any CPU
		{C5BACC4C-41C9-469A-8DB1-FCEC511CD4FC}.Debug|Any CPU.Build.0 = Debug|Any CPU
		{C5BACC4C-41C9-469A-8DB1-FCEC511CD4FC}.Release|Any CPU.ActiveCfg = Release|Any CPU
		{C5BACC4C-41C9-469A-8DB1-FCEC511CD4FC}.Release|Any CPU.Build.0 = Release|Any CPU
		{DD2DC613-B2E7-423D-9ECB-C904C9A34817}.Debug|Any CPU.ActiveCfg = Debug|Any CPU
		{DD2DC613-B2E7-423D-9ECB-C904C9A34817}.Debug|Any CPU.Build.0 = Debug|Any CPU
		{DD2DC613-B2E7-423D-9ECB-C904C9A34817}.Release|Any CPU.ActiveCfg = Release|Any CPU
		{DD2DC613-B2E7-423D-9ECB-C904C9A34817}.Release|Any CPU.Build.0 = Release|Any CPU
		{4B7C73DE-C68F-41EA-B9FD-FABFF4648DAA}.Debug|Any CPU.ActiveCfg = Debug|Any CPU
		{4B7C73DE-C68F-41EA-B9FD-FABFF4648DAA}.Debug|Any CPU.Build.0 = Debug|Any CPU
		{4B7C73DE-C68F-41EA-B9FD-FABFF4648DAA}.Release|Any CPU.ActiveCfg = Release|Any CPU
		{4B7C73DE-C68F-41EA-B9FD-FABFF4648DAA}.Release|Any CPU.Build.0 = Release|Any CPU
		{DD353442-EA1E-4F9B-82F3-CA371BAD17A0}.Debug|Any CPU.ActiveCfg = Debug|Any CPU
		{DD353442-EA1E-4F9B-82F3-CA371BAD17A0}.Debug|Any CPU.Build.0 = Debug|Any CPU
		{DD353442-EA1E-4F9B-82F3-CA371BAD17A0}.Release|Any CPU.ActiveCfg = Release|Any CPU
		{DD353442-EA1E-4F9B-82F3-CA371BAD17A0}.Release|Any CPU.Build.0 = Release|Any CPU
	EndGlobalSection
	GlobalSection(SolutionProperties) = preSolution
		HideSolutionNode = FALSE
	EndGlobalSection
	GlobalSection(ExtensibilityGlobals) = postSolution
		SolutionGuid = {F14D47B9-2E14-4F51-BA28-6D787212ECE4}
	EndGlobalSection
EndGlobal
